PODS:
  - FlutterMacOS (1.0.0)
  - volume_plugin (0.0.1):
    - FlutterMacOS

DEPENDENCIES:
  - FlutterMacOS (from `Flutter/ephemeral`)
  - volume_plugin (from `Flutter/ephemeral/.symlinks/plugins/volume_plugin/macos`)

EXTERNAL SOURCES:
  FlutterMacOS:
    :path: Flutter/ephemeral
  volume_plugin:
    :path: Flutter/ephemeral/.symlinks/plugins/volume_plugin/macos

SPEC CHECKSUMS:
  FlutterMacOS: 8f6f14fa908a6fb3fba0cd85dbd81ec4b251fb24
  volume_plugin: ed832c52e574674115b0c800f6a6f7d70f8e91c3

PODFILE CHECKSUM: 236401fc2c932af29a9fcf0e97baeeb2d750d367

COCOAPODS: 1.12.1
